
Microsoft Visual Studio Solution File, Format Version 12.00
# Visual Studio Version 17
VisualStudioVersion = 17.11.35303.130
MinimumVisualStudioVersion = 10.0.40219.1
Project("{FAE04EC0-301F-11D3-BF4B-00C04F79EFBC}") = "DbOperationsWithEFCore", "DbOperationsWithEFCore.csproj", "{7E0BA3A7-B9B2-462F-BCB9-F5CDC017A2D8}"
EndProject
Global
	GlobalSection(SolutionConfigurationPlatforms) = preSolution
		Debug|Any CPU = Debug|Any CPU
		Release|Any CPU = Release|Any CPU
	EndGlobalSection
	GlobalSection(ProjectConfigurationPlatforms) = postSolution
		{7E0BA3A7-B9B2-462F-BCB9-F5CDC017A2D8}.Debug|Any CPU.ActiveCfg = Debug|Any CPU
		{7E0BA3A7-B9B2-462F-BCB9-F5CDC017A2D8}.Debug|Any CPU.Build.0 = Debug|Any CPU
		{7E0BA3A7-B9B2-462F-BCB9-F5CDC017A2D8}.Release|Any CPU.ActiveCfg = Release|Any CPU
		{7E0BA3A7-B9B2-462F-BCB9-F5CDC017A2D8}.Release|Any CPU.Build.0 = Release|Any CPU
	EndGlobalSection
	GlobalSection(SolutionProperties) = preSolution
		HideSolutionNode = FALSE
	EndGlobalSection
	GlobalSection(ExtensibilityGlobals) = postSolution
		SolutionGuid = {E36BDEF8-5C68-461A-B475-63A1EA2F68C1}
	EndGlobalSection
EndGlobal
